
Microsoft Visual Studio Solution File, Format Version 12.00
# Visual Studio Version 17
VisualStudioVersion = 17.9.34723.18
MinimumVisualStudioVersion = 10.0.40219.1
Project("{9A19103F-16F7-4668-BE54-9A1E7A4F7556}") = "Fleet_Management _Application", "Fleet_Management _Application\Fleet_Management _Application.csproj", "{7248E83E-A1C6-4AB6-A80B-AF7B4D138C79}"
EndProject
Project("{2150E333-8FDC-42A3-9474-1A3956D46DE8}") = "FE", "FE", "{D5E830C0-A4D4-4253-9354-93A95627127C}"
EndProject
Project("{54A90642-561A-4BB1-A94E-469ADEE60C69}") = "Fleet_Management", "Fleet_Management\Fleet_Management.esproj", "{07B9ADBE-8332-4249-8882-E3E8FE8D5E4D}"
EndProject
Project("{2150E333-8FDC-42A3-9474-1A3956D46DE8}") = "BE", "BE", "{29E20097-8930-40C2-8D68-DC71702DE331}"
EndProject
Global
	GlobalSection(SolutionConfigurationPlatforms) = preSolution
		Debug|Any CPU = Debug|Any CPU
		Release|Any CPU = Release|Any CPU
	EndGlobalSection
	GlobalSection(ProjectConfigurationPlatforms) = postSolution
		{7248E83E-A1C6-4AB6-A80B-AF7B4D138C79}.Debug|Any CPU.ActiveCfg = Debug|Any CPU
		{7248E83E-A1C6-4AB6-A80B-AF7B4D138C79}.Debug|Any CPU.Build.0 = Debug|Any CPU
		{7248E83E-A1C6-4AB6-A80B-AF7B4D138C79}.Release|Any CPU.ActiveCfg = Release|Any CPU
		{7248E83E-A1C6-4AB6-A80B-AF7B4D138C79}.Release|Any CPU.Build.0 = Release|Any CPU
		{07B9ADBE-8332-4249-8882-E3E8FE8D5E4D}.Debug|Any CPU.ActiveCfg = Debug|Any CPU
		{07B9ADBE-8332-4249-8882-E3E8FE8D5E4D}.Debug|Any CPU.Build.0 = Debug|Any CPU
		{07B9ADBE-8332-4249-8882-E3E8FE8D5E4D}.Debug|Any CPU.Deploy.0 = Debug|Any CPU
		{07B9ADBE-8332-4249-8882-E3E8FE8D5E4D}.Release|Any CPU.ActiveCfg = Release|Any CPU
		{07B9ADBE-8332-4249-8882-E3E8FE8D5E4D}.Release|Any CPU.Build.0 = Release|Any CPU
		{07B9ADBE-8332-4249-8882-E3E8FE8D5E4D}.Release|Any CPU.Deploy.0 = Release|Any CPU
	EndGlobalSection
	GlobalSection(SolutionProperties) = preSolution
		HideSolutionNode = FALSE
	EndGlobalSection
	GlobalSection(NestedProjects) = preSolution
		{7248E83E-A1C6-4AB6-A80B-AF7B4D138C79} = {29E20097-8930-40C2-8D68-DC71702DE331}
		{07B9ADBE-8332-4249-8882-E3E8FE8D5E4D} = {D5E830C0-A4D4-4253-9354-93A95627127C}
	EndGlobalSection
	GlobalSection(ExtensibilityGlobals) = postSolution
		SolutionGuid = {5812A5D0-67ED-49ED-8AA1-D060AB245B7C}
	EndGlobalSection
EndGlobal
